
Microsoft Visual Studio Solution File, Format Version 12.00
# Visual Studio Version 17
VisualStudioVersion = 17.14.36511.14 d17.14
MinimumVisualStudioVersion = 10.0.40219.1
Project("{FAE04EC0-301F-11D3-BF4B-00C04F79EFBC}") = "ChessOne", "ChessOne\ChessOne.csproj", "{DF663705-70B1-488C-9145-824F9D5E7631}"
EndProject
Global
	GlobalSection(SolutionConfigurationPlatforms) = preSolution
		Debug|Any CPU = Debug|Any CPU
		Release|Any CPU = Release|Any CPU
	EndGlobalSection
	GlobalSection(ProjectConfigurationPlatforms) = postSolution
		{DF663705-70B1-488C-9145-824F9D5E7631}.Debug|Any CPU.ActiveCfg = Debug|Any CPU
		{DF663705-70B1-488C-9145-824F9D5E7631}.Debug|Any CPU.Build.0 = Debug|Any CPU
		{DF663705-70B1-488C-9145-824F9D5E7631}.Release|Any CPU.ActiveCfg = Release|Any CPU
		{DF663705-70B1-488C-9145-824F9D5E7631}.Release|Any CPU.Build.0 = Release|Any CPU
	EndGlobalSection
	GlobalSection(SolutionProperties) = preSolution
		HideSolutionNode = FALSE
	EndGlobalSection
	GlobalSection(ExtensibilityGlobals) = postSolution
		SolutionGuid = {7AE3D271-330C-48CB-A0AF-025C50CFA353}
	EndGlobalSection
EndGlobal
